{
  "name": "midi2atem",
  "version": "0.0.1",
  "lockfileVersion": 2,
  "requires": true,
  "packages": {
    "": {
      "version": "0.0.1",
      "license": "UNLICENSED",
      "dependencies": {
        "atem-connection": "3.0.0-nightly-latest-20210530-132658-16c3cdd.0",
        "atem-state": "^0.10.1",
        "debug": "^4.3.1",
        "deep-object-diff": "^1.1.0",
        "deepmerge": "^4.2.2",
        "easymidi": "^2.0.4",
        "inf-ee": "^1.0.4",
        "lodash": "^4.17.21",
        "throttle-debounce": "^3.0.1"
      }
    },
    "node_modules/alawmulaw": {
      "version": "5.0.2",
      "resolved": "https://npm.spiegl.co/alawmulaw/-/alawmulaw-5.0.2.tgz",
      "integrity": "sha512-W3bWBB7MwTNGALlAKbOxe+tMNW9DpqGsv1V1idGPzctnBH++eS+Dx3UuucHNe5nk38WvAuy0sgMAbS5idHCArw==",
      "license": "MIT",
      "engines": {
        "node": ">=8"
      }
    },
    "node_modules/atem-connection": {
      "version": "3.0.0-nightly-latest-20210530-132658-16c3cdd.0",
      "resolved": "https://npm.spiegl.co/atem-connection/-/atem-connection-3.0.0-nightly-latest-20210530-132658-16c3cdd.0.tgz",
      "integrity": "sha512-BAXta6Dj1saktNHTsbP1kuqeRmvKbIJdTjr8i/mfflyRnOKFz8ZyLQiaO+L6AC2KQPJSUMGjoS+lmCcZDYVojw==",
      "license": "MIT",
      "dependencies": {
        "eventemitter3": "^4.0.7",
        "exit-hook": "^2.2.1",
        "nanotimer": "^0.3.15",
        "threadedclass": "^0.9.0",
        "tslib": "^2.2.0",
        "wavefile": "^8.4.4"
      },
      "engines": {
        "node": ">=12.20"
      }
    },
    "node_modules/atem-state": {
      "version": "0.10.1",
      "resolved": "https://npm.spiegl.co/atem-state/-/atem-state-0.10.1.tgz",
      "integrity": "sha512-0d+eVmE4u9u24w/JVoUp6AUh/j6uXvKZK+64h4OABiHJRISgveU0YUeUfa0EnTaD5S2aSb8ucS6WVx1xhP2r9g==",
      "license": "MIT",
      "dependencies": {
        "atem-connection": "^2.1.0",
        "tslib": "^1.13",
        "underscore": "^1.9.1"
      },
      "engines": {
        "node": ">=10.10"
      }
    },
    "node_modules/atem-state/node_modules/atem-connection": {
      "version": "2.2.2",
      "resolved": "https://npm.spiegl.co/atem-connection/-/atem-connection-2.2.2.tgz",
      "integrity": "sha512-p/Diwsjymv1y7FvBzDSY4Yq06+8vZ03QEoxrcoFlNrYI6WCsCt64MeoBAQu5TEExGXLwffksQyyXbQUOEU4qNw==",
      "license": "MIT",
      "dependencies": {
        "big-integer": "^1.6.48",
        "eventemitter3": "^4.0.4",
        "exit-hook": "^2.0.0",
        "nanotimer": "^0.3.15",
        "threadedclass": "^0.8.0",
        "tslib": "^1.13.0",
        "wavefile": "^8.4.4"
      },
      "engines": {
        "node": ">=8.10"
      }
    },
    "node_modules/atem-state/node_modules/threadedclass": {
      "version": "0.8.3",
      "resolved": "https://npm.spiegl.co/threadedclass/-/threadedclass-0.8.3.tgz",
      "integrity": "sha512-cI6tVYRIIVYxFG7Nykt8NMVflrrdMvyvzAQfgAZdARdU/PaFSGd5Y7wChvJ3DXLsLiFb3datLhfn26K5DTKf+A==",
      "license": "MIT",
      "dependencies": {
        "callsites": "^3.1.0",
        "eventemitter3": "^4.0.4",
        "is-running": "^2.1.0",
        "tslib": "^1.13.0"
      },
      "engines": {
        "node": ">=8.0"
      }
    },
    "node_modules/atem-state/node_modules/tslib": {
      "version": "1.14.1",
      "resolved": "https://npm.spiegl.co/tslib/-/tslib-1.14.1.tgz",
      "integrity": "sha512-Xni35NKzjgMrwevysHTCArtLDpPvye8zV/0E4EyYn43P7/7qvQwPh9BGkHewbMulVntbigmcT7rdX3BNo9wRJg==",
      "license": "0BSD"
    },
    "node_modules/base64-arraybuffer-es6": {
      "version": "0.3.1",
      "resolved": "https://npm.spiegl.co/base64-arraybuffer-es6/-/base64-arraybuffer-es6-0.3.1.tgz",
      "integrity": "sha512-TrhBheudYaff9adiTAqjSScjvtmClQ4vF9l4cqkPNkVsA11m4/NRdH4LkZ/tAMmpzzwfI20BXnJ/PTtafECCNA==",
      "license": "MIT",
      "engines": {
        "node": ">= 0.6.0"
      }
    },
    "node_modules/big-integer": {
      "version": "1.6.48",
      "resolved": "https://npm.spiegl.co/big-integer/-/big-integer-1.6.48.tgz",
      "integrity": "sha512-j51egjPa7/i+RdiRuJbPdJ2FIUYYPhvYLjzoYbcMMm62ooO6F94fETG4MTs46zPAF9Brs04OajboA/qTGuz78w==",
      "license": "Unlicense",
      "engines": {
        "node": ">=0.6"
      }
    },
    "node_modules/bindings": {
      "version": "1.5.0",
      "resolved": "https://npm.spiegl.co/bindings/-/bindings-1.5.0.tgz",
      "integrity": "sha512-p2q/t/mhvuOj/UeLlV6566GD/guowlr0hHxClI0W9m7MWYkL1F0hLo+0Aexs9HSPCtR1SXQ0TD3MMKrXZajbiQ==",
      "license": "MIT",
      "dependencies": {
        "file-uri-to-path": "1.0.0"
      }
    },
    "node_modules/bitdepth": {
      "version": "7.0.2",
      "resolved": "https://npm.spiegl.co/bitdepth/-/bitdepth-7.0.2.tgz",
      "integrity": "sha512-Ed11TL4IIWyUEoQTfkbRBDCgDNurxYzFgmk30ZU6SgNCsysoEx7UMm+g7SDFHxA2lhLbWyjV8T1ab3z0BtYOAw==",
      "license": "MIT",
      "engines": {
        "node": ">=8"
      }
    },
    "node_modules/byte-data": {
      "version": "16.0.3",
      "resolved": "https://npm.spiegl.co/byte-data/-/byte-data-16.0.3.tgz",
      "integrity": "sha512-IzV3mzv8OnnzPdb9CoESQr2ikPX/gkHUesRu+vff9XB7KwMxyflPDewtPFWXPvF+Xukl52ceor2IRLbnQZf3PQ==",
      "license": "MIT",
      "dependencies": {
        "endianness": "^8.0.2",
        "ieee754-buffer": "^0.2.1",
        "twos-complement-buffer": "0.0.1",
        "uint-buffer": "^0.1.0",
        "utf8-buffer": "^0.2.0"
      },
      "engines": {
        "node": ">=8"
      }
    },
    "node_modules/callsites": {
      "version": "3.1.0",
      "resolved": "https://npm.spiegl.co/callsites/-/callsites-3.1.0.tgz",
      "integrity": "sha512-P8BjAsXvZS+VIDUI11hHCQEv74YT67YUi5JJFNWIqL235sBmjX4+qx9Muvls5ivyNENctx46xQLQ3aTuE7ssaQ==",
      "license": "MIT",
      "engines": {
        "node": ">=6"
      }
    },
    "node_modules/debug": {
      "version": "4.3.1",
      "resolved": "https://npm.spiegl.co/debug/-/debug-4.3.1.tgz",
      "integrity": "sha512-doEwdvm4PCeK4K3RQN2ZC2BYUBaxwLARCqZmMjtF8a51J2Rb0xpVloFRnCODwqjpwnAoao4pelN8l3RJdv3gRQ==",
      "license": "MIT",
      "dependencies": {
        "ms": "2.1.2"
      },
      "engines": {
        "node": ">=6.0"
      },
      "peerDependenciesMeta": {
        "supports-color": {
          "optional": true
        }
      }
    },
    "node_modules/deep-object-diff": {
      "version": "1.1.0",
      "resolved": "https://npm.spiegl.co/deep-object-diff/-/deep-object-diff-1.1.0.tgz",
      "integrity": "sha512-b+QLs5vHgS+IoSNcUE4n9HP2NwcHj7aqnJWsjPtuG75Rh5TOaGt0OjAYInh77d5T16V5cRDC+Pw/6ZZZiETBGw==",
      "license": "MIT"
    },
    "node_modules/deepmerge": {
      "version": "4.2.2",
      "resolved": "https://npm.spiegl.co/deepmerge/-/deepmerge-4.2.2.tgz",
      "integrity": "sha512-FJ3UgI4gIl+PHZm53knsuSFpE+nESMr7M4v9QcgB7S63Kj/6WqMiFQJpBBYz1Pt+66bZpP3Q7Lye0Oo9MPKEdg==",
      "license": "MIT",
      "engines": {
        "node": ">=0.10.0"
      }
    },
    "node_modules/easymidi": {
      "version": "2.0.5",
      "resolved": "https://npm.spiegl.co/easymidi/-/easymidi-2.0.5.tgz",
      "integrity": "sha512-wybrrpOJ+MO9XXO2izLIo3qMVhqulk+Oe/6dYkU9pQIbFv7OylYu7MPcTdm47TKrgmcKH9AHjwF846BLpx3i1A==",
      "license": "MIT",
      "dependencies": {
        "midi": "^1.0.4"
      }
    },
    "node_modules/endianness": {
      "version": "8.0.2",
      "resolved": "https://npm.spiegl.co/endianness/-/endianness-8.0.2.tgz",
      "integrity": "sha512-IU+77+jJ7lpw2qZ3NUuqBZFy3GuioNgXUdsL1L9tooDNTaw0TgOnwNuc+8Ns+haDaTifK97QLzmOANJtI/rGvw==",
      "license": "MIT",
      "engines": {
        "node": ">=8"
      }
    },
    "node_modules/eventemitter3": {
      "version": "4.0.7",
      "resolved": "https://npm.spiegl.co/eventemitter3/-/eventemitter3-4.0.7.tgz",
      "integrity": "sha512-8guHBZCwKnFhYdHr2ysuRWErTwhoN2X8XELRlrRwpmfeY2jjuUN4taQMsULKUVo1K4DvZl+0pgfyoysHxvmvEw==",
      "license": "MIT"
    },
    "node_modules/exit-hook": {
      "version": "2.2.1",
      "resolved": "https://npm.spiegl.co/exit-hook/-/exit-hook-2.2.1.tgz",
      "integrity": "sha512-eNTPlAD67BmP31LDINZ3U7HSF8l57TxOY2PmBJ1shpCvpnxBF93mWCE8YHBnXs8qiUZJc9WDcWIeC3a2HIAMfw==",
      "license": "MIT",
      "engines": {
        "node": ">=6"
      },
      "funding": {
        "url": "https://github.com/sponsors/sindresorhus"
      }
    },
    "node_modules/file-uri-to-path": {
      "version": "1.0.0",
      "resolved": "https://npm.spiegl.co/file-uri-to-path/-/file-uri-to-path-1.0.0.tgz",
      "integrity": "sha512-0Zt+s3L7Vf1biwWZ29aARiVYLx7iMGnEUl9x33fbB/j3jR81u/O2LbqK+Bm1CDSNDKVtJ/YjwY7TUd5SkeLQLw==",
      "license": "MIT"
    },
    "node_modules/ieee754-buffer": {
      "version": "0.2.1",
      "resolved": "https://npm.spiegl.co/ieee754-buffer/-/ieee754-buffer-0.2.1.tgz",
      "integrity": "sha512-dDlJhYk8BAmH1HDncTjCt6xOm2+kT+MxGhRKB+mUoF8nocDzPAgZPEWTRI9QgkGvbDkbJgCqyxweGlIV0yhbUQ==",
      "license": "MIT",
      "engines": {
        "node": ">=8"
      }
    },
    "node_modules/imaadpcm": {
      "version": "4.1.2",
      "resolved": "https://npm.spiegl.co/imaadpcm/-/imaadpcm-4.1.2.tgz",
      "integrity": "sha512-7gwxe6lKCGitmkMtGbm1ecnt0Q59KcWwo7AVi2RAd3lQ9VghVN5zX5x3oK6xNhfD9KUMbaYzku43UBn3Ix3RIA==",
      "license": "MIT",
      "engines": {
        "node": ">=8"
      }
    },
    "node_modules/inf-ee": {
      "version": "1.0.4",
      "resolved": "https://npm.spiegl.co/inf-ee/-/inf-ee-1.0.4.tgz",
      "integrity": "sha512-wmEgq64iB1LolmW526Kk1FdBk5H1Sa6DrXOYweWDB5tzMPPLTJ5VjwjJLpVgK/+bypxit22Ci6Mve+AcpseALw==",
      "license": "MIT"
    },
    "node_modules/is-running": {
      "version": "2.1.0",
      "resolved": "https://npm.spiegl.co/is-running/-/is-running-2.1.0.tgz",
      "integrity": "sha1-MKc/9cw4VOT8JUkICen1q/jeCeA=",
      "license": "BSD"
    },
    "node_modules/lodash": {
      "version": "4.17.21",
      "resolved": "https://npm.spiegl.co/lodash/-/lodash-4.17.21.tgz",
      "integrity": "sha512-v2kDEe57lecTulaDIuNTPy3Ry4gLGJ6Z1O3vE1krgXZNrsQ+LFTGHVxVjcXPs17LhbZVGedAJv8XZ1tvj5FvSg==",
      "license": "MIT"
    },
    "node_modules/midi": {
      "version": "1.0.4",
      "resolved": "https://npm.spiegl.co/midi/-/midi-1.0.4.tgz",
      "integrity": "sha512-fNZr4OEOHpV9HjDaZIg2lB5SRMaSdBvo2nX7Z9Mgk2OZ3JMtZdkbgDcXYoudBHNLWLf6B9C7bQGGyXDHYMSNKg==",
      "hasInstallScript": true,
      "license": "MIT",
      "dependencies": {
        "bindings": "~1.5.0",
        "nan": "^2.14.2"
      },
      "engines": {
        "node": ">=10"
      }
    },
    "node_modules/ms": {
      "version": "2.1.2",
      "resolved": "https://npm.spiegl.co/ms/-/ms-2.1.2.tgz",
      "integrity": "sha512-sGkPx+VjMtmA6MX27oA4FBFELFCZZ4S4XqeGOXCv68tT+jb3vk/RyaKWP0PTKyWtmLSM0b+adUTEvbs1PEaH2w==",
      "license": "MIT"
    },
    "node_modules/nan": {
      "version": "2.14.2",
      "resolved": "https://npm.spiegl.co/nan/-/nan-2.14.2.tgz",
      "integrity": "sha512-M2ufzIiINKCuDfBSAUr1vWQ+vuVcA9kqx8JJUsbQi6yf1uGRyb7HfpdfUr5qLXf3B/t8dPvcjhKMmlfnP47EzQ==",
      "license": "MIT"
    },
    "node_modules/nanotimer": {
      "version": "0.3.15",
      "resolved": "https://npm.spiegl.co/nanotimer/-/nanotimer-0.3.15.tgz",
      "integrity": "sha1-KA0nfbkUbspvilcLVyq68qmsx1Q=",
      "license": "ISC"
    },
    "node_modules/threadedclass": {
      "version": "0.9.0",
      "resolved": "https://npm.spiegl.co/threadedclass/-/threadedclass-0.9.0.tgz",
      "integrity": "sha512-zZS92SO6hKMm6uJCecDvdM4dxd2hr6tlkHznN4QVTudXk679GOOtz//6beadIjkrcqXn6NOcT++NMbsRlDJZ6w==",
      "license": "MIT",
      "dependencies": {
        "callsites": "^3.1.0",
        "eventemitter3": "^4.0.4",
        "is-running": "^2.1.0",
        "tslib": "^1.13.0"
      },
      "engines": {
        "node": ">=8.0"
      }
    },
    "node_modules/threadedclass/node_modules/tslib": {
      "version": "1.14.1",
      "resolved": "https://npm.spiegl.co/tslib/-/tslib-1.14.1.tgz",
      "integrity": "sha512-Xni35NKzjgMrwevysHTCArtLDpPvye8zV/0E4EyYn43P7/7qvQwPh9BGkHewbMulVntbigmcT7rdX3BNo9wRJg==",
      "license": "0BSD"
    },
    "node_modules/throttle-debounce": {
      "version": "3.0.1",
      "resolved": "https://npm.spiegl.co/throttle-debounce/-/throttle-debounce-3.0.1.tgz",
      "integrity": "sha512-dTEWWNu6JmeVXY0ZYoPuH5cRIwc0MeGbJwah9KUNYSJwommQpCzTySTpEe8Gs1J23aeWEuAobe4Ag7EHVt/LOg==",
      "license": "MIT",
      "engines": {
        "node": ">=10"
      }
    },
    "node_modules/tslib": {
      "version": "2.2.0",
      "resolved": "https://npm.spiegl.co/tslib/-/tslib-2.2.0.tgz",
      "integrity": "sha512-gS9GVHRU+RGn5KQM2rllAlR3dU6m7AcpJKdtH8gFvQiC4Otgk98XnmMU+nZenHt/+VhnBPWwgrJsyrdcw6i23w==",
      "license": "0BSD"
    },
    "node_modules/twos-complement-buffer": {
      "version": "0.0.1",
      "resolved": "https://npm.spiegl.co/twos-complement-buffer/-/twos-complement-buffer-0.0.1.tgz",
      "integrity": "sha512-Ev3p2GfB2GO8pcyb7jIvctS9RAjSZrF/K+u5s3KN00ajY11Dda2oMqI72nXaHVU7doGYNXc0mJG6exWAbmzZiA==",
      "license": "MIT",
      "dependencies": {
        "uint-buffer": "^0.1.0"
      },
      "engines": {
        "node": ">=8"
      }
    },
    "node_modules/uint-buffer": {
      "version": "0.1.0",
      "resolved": "https://npm.spiegl.co/uint-buffer/-/uint-buffer-0.1.0.tgz",
      "integrity": "sha512-7xjpjCTijFIXAMxN7OMRfykpCMVfbCrlAmAt2RIlihvkHgvkNV5DBFzyc8OpIQeVpRXJkgXBwmKos4hD8DrX1g==",
      "license": "MIT",
      "engines": {
        "node": ">=8"
      }
    },
    "node_modules/underscore": {
      "version": "1.13.1",
      "resolved": "https://npm.spiegl.co/underscore/-/underscore-1.13.1.tgz",
      "integrity": "sha512-hzSoAVtJF+3ZtiFX0VgfFPHEDRm7Y/QPjGyNo4TVdnDTdft3tr8hEkD25a1jC+TjTuE7tkHGKkhwCgs9dgBB2g==",
      "license": "MIT"
    },
    "node_modules/utf8-buffer": {
      "version": "0.2.0",
      "resolved": "https://npm.spiegl.co/utf8-buffer/-/utf8-buffer-0.2.0.tgz",
      "integrity": "sha512-DygDeOmOPQRjxnnv8LdfjoSQgG9EgJFH1m/1QcrKkDOxzoOcLLqZ2ONzRYHmiRqJYQYnAvV+zv2Wgk5tXjr4aA==",
      "license": "MIT",
      "engines": {
        "node": ">=8"
      }
    },
    "node_modules/wavefile": {
      "version": "8.4.6",
      "resolved": "https://npm.spiegl.co/wavefile/-/wavefile-8.4.6.tgz",
      "integrity": "sha512-mKvPtkXTFE3U8Uo8qJr/hCJP3booCI09vsoWY3OHrdKB+8ZefO/5/wSRZSbPSgFDB+WWn3Am3c01h/sguTYuyA==",
      "license": "MIT",
      "dependencies": {
        "alawmulaw": "^5.0.2",
        "base64-arraybuffer-es6": "^0.3.1",
        "bitdepth": "^7.0.2",
        "byte-data": "^16.0.3",
        "imaadpcm": "^4.1.2"
      },
      "bin": {
        "wavefile": "bin/wavefile.js"
      },
      "engines": {
        "node": ">=8"
      }
    }
  },
  "dependencies": {
    "alawmulaw": {
      "version": "5.0.2",
      "resolved": "https://npm.spiegl.co/alawmulaw/-/alawmulaw-5.0.2.tgz",
      "integrity": "sha512-W3bWBB7MwTNGALlAKbOxe+tMNW9DpqGsv1V1idGPzctnBH++eS+Dx3UuucHNe5nk38WvAuy0sgMAbS5idHCArw=="
    },
    "atem-connection": {
      "version": "3.0.0-nightly-latest-20210530-132658-16c3cdd.0",
      "resolved": "https://npm.spiegl.co/atem-connection/-/atem-connection-3.0.0-nightly-latest-20210530-132658-16c3cdd.0.tgz",
      "integrity": "sha512-BAXta6Dj1saktNHTsbP1kuqeRmvKbIJdTjr8i/mfflyRnOKFz8ZyLQiaO+L6AC2KQPJSUMGjoS+lmCcZDYVojw==",
      "requires": {
        "eventemitter3": "^4.0.7",
        "exit-hook": "^2.2.1",
        "nanotimer": "^0.3.15",
        "threadedclass": "^0.9.0",
        "tslib": "^2.2.0",
        "wavefile": "^8.4.4"
      }
    },
    "atem-state": {
      "version": "0.10.1",
      "resolved": "https://npm.spiegl.co/atem-state/-/atem-state-0.10.1.tgz",
      "integrity": "sha512-0d+eVmE4u9u24w/JVoUp6AUh/j6uXvKZK+64h4OABiHJRISgveU0YUeUfa0EnTaD5S2aSb8ucS6WVx1xhP2r9g==",
      "requires": {
        "atem-connection": "^2.1.0",
        "tslib": "^1.13",
        "underscore": "^1.9.1"
      },
      "dependencies": {
        "atem-connection": {
          "version": "2.2.2",
          "resolved": "https://npm.spiegl.co/atem-connection/-/atem-connection-2.2.2.tgz",
          "integrity": "sha512-p/Diwsjymv1y7FvBzDSY4Yq06+8vZ03QEoxrcoFlNrYI6WCsCt64MeoBAQu5TEExGXLwffksQyyXbQUOEU4qNw==",
          "requires": {
            "big-integer": "^1.6.48",
            "eventemitter3": "^4.0.4",
            "exit-hook": "^2.0.0",
            "nanotimer": "^0.3.15",
            "threadedclass": "^0.8.0",
            "tslib": "^1.13.0",
            "wavefile": "^8.4.4"
          }
        },
        "threadedclass": {
          "version": "0.8.3",
          "resolved": "https://npm.spiegl.co/threadedclass/-/threadedclass-0.8.3.tgz",
          "integrity": "sha512-cI6tVYRIIVYxFG7Nykt8NMVflrrdMvyvzAQfgAZdARdU/PaFSGd5Y7wChvJ3DXLsLiFb3datLhfn26K5DTKf+A==",
          "requires": {
            "callsites": "^3.1.0",
            "eventemitter3": "^4.0.4",
            "is-running": "^2.1.0",
            "tslib": "^1.13.0"
          }
        },
        "tslib": {
          "version": "1.14.1",
          "resolved": "https://npm.spiegl.co/tslib/-/tslib-1.14.1.tgz",
          "integrity": "sha512-Xni35NKzjgMrwevysHTCArtLDpPvye8zV/0E4EyYn43P7/7qvQwPh9BGkHewbMulVntbigmcT7rdX3BNo9wRJg=="
        }
      }
    },
    "base64-arraybuffer-es6": {
      "version": "0.3.1",
      "resolved": "https://npm.spiegl.co/base64-arraybuffer-es6/-/base64-arraybuffer-es6-0.3.1.tgz",
      "integrity": "sha512-TrhBheudYaff9adiTAqjSScjvtmClQ4vF9l4cqkPNkVsA11m4/NRdH4LkZ/tAMmpzzwfI20BXnJ/PTtafECCNA=="
    },
    "big-integer": {
      "version": "1.6.48",
      "resolved": "https://npm.spiegl.co/big-integer/-/big-integer-1.6.48.tgz",
      "integrity": "sha512-j51egjPa7/i+RdiRuJbPdJ2FIUYYPhvYLjzoYbcMMm62ooO6F94fETG4MTs46zPAF9Brs04OajboA/qTGuz78w=="
    },
    "bindings": {
      "version": "1.5.0",
      "resolved": "https://npm.spiegl.co/bindings/-/bindings-1.5.0.tgz",
      "integrity": "sha512-p2q/t/mhvuOj/UeLlV6566GD/guowlr0hHxClI0W9m7MWYkL1F0hLo+0Aexs9HSPCtR1SXQ0TD3MMKrXZajbiQ==",
      "requires": {
        "file-uri-to-path": "1.0.0"
      }
    },
    "bitdepth": {
      "version": "7.0.2",
      "resolved": "https://npm.spiegl.co/bitdepth/-/bitdepth-7.0.2.tgz",
      "integrity": "sha512-Ed11TL4IIWyUEoQTfkbRBDCgDNurxYzFgmk30ZU6SgNCsysoEx7UMm+g7SDFHxA2lhLbWyjV8T1ab3z0BtYOAw=="
    },
    "byte-data": {
      "version": "16.0.3",
      "resolved": "https://npm.spiegl.co/byte-data/-/byte-data-16.0.3.tgz",
      "integrity": "sha512-IzV3mzv8OnnzPdb9CoESQr2ikPX/gkHUesRu+vff9XB7KwMxyflPDewtPFWXPvF+Xukl52ceor2IRLbnQZf3PQ==",
      "requires": {
        "endianness": "^8.0.2",
        "ieee754-buffer": "^0.2.1",
        "twos-complement-buffer": "0.0.1",
        "uint-buffer": "^0.1.0",
        "utf8-buffer": "^0.2.0"
      }
    },
    "callsites": {
      "version": "3.1.0",
      "resolved": "https://npm.spiegl.co/callsites/-/callsites-3.1.0.tgz",
      "integrity": "sha512-P8BjAsXvZS+VIDUI11hHCQEv74YT67YUi5JJFNWIqL235sBmjX4+qx9Muvls5ivyNENctx46xQLQ3aTuE7ssaQ=="
    },
    "debug": {
      "version": "4.3.1",
      "resolved": "https://npm.spiegl.co/debug/-/debug-4.3.1.tgz",
      "integrity": "sha512-doEwdvm4PCeK4K3RQN2ZC2BYUBaxwLARCqZmMjtF8a51J2Rb0xpVloFRnCODwqjpwnAoao4pelN8l3RJdv3gRQ==",
      "requires": {
        "ms": "2.1.2"
      }
    },
    "deep-object-diff": {
      "version": "1.1.0",
      "resolved": "https://npm.spiegl.co/deep-object-diff/-/deep-object-diff-1.1.0.tgz",
      "integrity": "sha512-b+QLs5vHgS+IoSNcUE4n9HP2NwcHj7aqnJWsjPtuG75Rh5TOaGt0OjAYInh77d5T16V5cRDC+Pw/6ZZZiETBGw=="
    },
    "deepmerge": {
      "version": "4.2.2",
      "resolved": "https://npm.spiegl.co/deepmerge/-/deepmerge-4.2.2.tgz",
      "integrity": "sha512-FJ3UgI4gIl+PHZm53knsuSFpE+nESMr7M4v9QcgB7S63Kj/6WqMiFQJpBBYz1Pt+66bZpP3Q7Lye0Oo9MPKEdg=="
    },
    "easymidi": {
      "version": "2.0.5",
      "resolved": "https://npm.spiegl.co/easymidi/-/easymidi-2.0.5.tgz",
      "integrity": "sha512-wybrrpOJ+MO9XXO2izLIo3qMVhqulk+Oe/6dYkU9pQIbFv7OylYu7MPcTdm47TKrgmcKH9AHjwF846BLpx3i1A==",
      "requires": {
        "midi": "^1.0.4"
      }
    },
    "endianness": {
      "version": "8.0.2",
      "resolved": "https://npm.spiegl.co/endianness/-/endianness-8.0.2.tgz",
      "integrity": "sha512-IU+77+jJ7lpw2qZ3NUuqBZFy3GuioNgXUdsL1L9tooDNTaw0TgOnwNuc+8Ns+haDaTifK97QLzmOANJtI/rGvw=="
    },
    "eventemitter3": {
      "version": "4.0.7",
      "resolved": "https://npm.spiegl.co/eventemitter3/-/eventemitter3-4.0.7.tgz",
      "integrity": "sha512-8guHBZCwKnFhYdHr2ysuRWErTwhoN2X8XELRlrRwpmfeY2jjuUN4taQMsULKUVo1K4DvZl+0pgfyoysHxvmvEw=="
    },
    "exit-hook": {
      "version": "2.2.1",
      "resolved": "https://npm.spiegl.co/exit-hook/-/exit-hook-2.2.1.tgz",
      "integrity": "sha512-eNTPlAD67BmP31LDINZ3U7HSF8l57TxOY2PmBJ1shpCvpnxBF93mWCE8YHBnXs8qiUZJc9WDcWIeC3a2HIAMfw=="
    },
    "file-uri-to-path": {
      "version": "1.0.0",
      "resolved": "https://npm.spiegl.co/file-uri-to-path/-/file-uri-to-path-1.0.0.tgz",
      "integrity": "sha512-0Zt+s3L7Vf1biwWZ29aARiVYLx7iMGnEUl9x33fbB/j3jR81u/O2LbqK+Bm1CDSNDKVtJ/YjwY7TUd5SkeLQLw=="
    },
    "ieee754-buffer": {
      "version": "0.2.1",
      "resolved": "https://npm.spiegl.co/ieee754-buffer/-/ieee754-buffer-0.2.1.tgz",
      "integrity": "sha512-dDlJhYk8BAmH1HDncTjCt6xOm2+kT+MxGhRKB+mUoF8nocDzPAgZPEWTRI9QgkGvbDkbJgCqyxweGlIV0yhbUQ=="
    },
    "imaadpcm": {
      "version": "4.1.2",
      "resolved": "https://npm.spiegl.co/imaadpcm/-/imaadpcm-4.1.2.tgz",
      "integrity": "sha512-7gwxe6lKCGitmkMtGbm1ecnt0Q59KcWwo7AVi2RAd3lQ9VghVN5zX5x3oK6xNhfD9KUMbaYzku43UBn3Ix3RIA=="
    },
    "inf-ee": {
      "version": "1.0.4",
      "resolved": "https://npm.spiegl.co/inf-ee/-/inf-ee-1.0.4.tgz",
      "integrity": "sha512-wmEgq64iB1LolmW526Kk1FdBk5H1Sa6DrXOYweWDB5tzMPPLTJ5VjwjJLpVgK/+bypxit22Ci6Mve+AcpseALw=="
    },
    "is-running": {
      "version": "2.1.0",
      "resolved": "https://npm.spiegl.co/is-running/-/is-running-2.1.0.tgz",
      "integrity": "sha1-MKc/9cw4VOT8JUkICen1q/jeCeA="
    },
    "lodash": {
      "version": "4.17.21",
      "resolved": "https://npm.spiegl.co/lodash/-/lodash-4.17.21.tgz",
      "integrity": "sha512-v2kDEe57lecTulaDIuNTPy3Ry4gLGJ6Z1O3vE1krgXZNrsQ+LFTGHVxVjcXPs17LhbZVGedAJv8XZ1tvj5FvSg=="
    },
    "midi": {
      "version": "1.0.4",
      "resolved": "https://npm.spiegl.co/midi/-/midi-1.0.4.tgz",
      "integrity": "sha512-fNZr4OEOHpV9HjDaZIg2lB5SRMaSdBvo2nX7Z9Mgk2OZ3JMtZdkbgDcXYoudBHNLWLf6B9C7bQGGyXDHYMSNKg==",
      "requires": {
        "bindings": "~1.5.0",
        "nan": "^2.14.2"
      }
    },
    "ms": {
      "version": "2.1.2",
      "resolved": "https://npm.spiegl.co/ms/-/ms-2.1.2.tgz",
      "integrity": "sha512-sGkPx+VjMtmA6MX27oA4FBFELFCZZ4S4XqeGOXCv68tT+jb3vk/RyaKWP0PTKyWtmLSM0b+adUTEvbs1PEaH2w=="
    },
    "nan": {
      "version": "2.14.2",
      "resolved": "https://npm.spiegl.co/nan/-/nan-2.14.2.tgz",
      "integrity": "sha512-M2ufzIiINKCuDfBSAUr1vWQ+vuVcA9kqx8JJUsbQi6yf1uGRyb7HfpdfUr5qLXf3B/t8dPvcjhKMmlfnP47EzQ=="
    },
    "nanotimer": {
      "version": "0.3.15",
      "resolved": "https://npm.spiegl.co/nanotimer/-/nanotimer-0.3.15.tgz",
      "integrity": "sha1-KA0nfbkUbspvilcLVyq68qmsx1Q="
    },
    "threadedclass": {
      "version": "0.9.0",
      "resolved": "https://npm.spiegl.co/threadedclass/-/threadedclass-0.9.0.tgz",
      "integrity": "sha512-zZS92SO6hKMm6uJCecDvdM4dxd2hr6tlkHznN4QVTudXk679GOOtz//6beadIjkrcqXn6NOcT++NMbsRlDJZ6w==",
      "requires": {
        "callsites": "^3.1.0",
        "eventemitter3": "^4.0.4",
        "is-running": "^2.1.0",
        "tslib": "^1.13.0"
      },
      "dependencies": {
        "tslib": {
          "version": "1.14.1",
          "resolved": "https://npm.spiegl.co/tslib/-/tslib-1.14.1.tgz",
          "integrity": "sha512-Xni35NKzjgMrwevysHTCArtLDpPvye8zV/0E4EyYn43P7/7qvQwPh9BGkHewbMulVntbigmcT7rdX3BNo9wRJg=="
        }
      }
    },
    "throttle-debounce": {
      "version": "3.0.1",
      "resolved": "https://npm.spiegl.co/throttle-debounce/-/throttle-debounce-3.0.1.tgz",
      "integrity": "sha512-dTEWWNu6JmeVXY0ZYoPuH5cRIwc0MeGbJwah9KUNYSJwommQpCzTySTpEe8Gs1J23aeWEuAobe4Ag7EHVt/LOg=="
    },
    "tslib": {
      "version": "2.2.0",
      "resolved": "https://npm.spiegl.co/tslib/-/tslib-2.2.0.tgz",
      "integrity": "sha512-gS9GVHRU+RGn5KQM2rllAlR3dU6m7AcpJKdtH8gFvQiC4Otgk98XnmMU+nZenHt/+VhnBPWwgrJsyrdcw6i23w=="
    },
    "twos-complement-buffer": {
      "version": "0.0.1",
      "resolved": "https://npm.spiegl.co/twos-complement-buffer/-/twos-complement-buffer-0.0.1.tgz",
      "integrity": "sha512-Ev3p2GfB2GO8pcyb7jIvctS9RAjSZrF/K+u5s3KN00ajY11Dda2oMqI72nXaHVU7doGYNXc0mJG6exWAbmzZiA==",
      "requires": {
        "uint-buffer": "^0.1.0"
      }
    },
    "uint-buffer": {
      "version": "0.1.0",
      "resolved": "https://npm.spiegl.co/uint-buffer/-/uint-buffer-0.1.0.tgz",
      "integrity": "sha512-7xjpjCTijFIXAMxN7OMRfykpCMVfbCrlAmAt2RIlihvkHgvkNV5DBFzyc8OpIQeVpRXJkgXBwmKos4hD8DrX1g=="
    },
    "underscore": {
      "version": "1.13.1",
      "resolved": "https://npm.spiegl.co/underscore/-/underscore-1.13.1.tgz",
      "integrity": "sha512-hzSoAVtJF+3ZtiFX0VgfFPHEDRm7Y/QPjGyNo4TVdnDTdft3tr8hEkD25a1jC+TjTuE7tkHGKkhwCgs9dgBB2g=="
    },
    "utf8-buffer": {
      "version": "0.2.0",
      "resolved": "https://npm.spiegl.co/utf8-buffer/-/utf8-buffer-0.2.0.tgz",
      "integrity": "sha512-DygDeOmOPQRjxnnv8LdfjoSQgG9EgJFH1m/1QcrKkDOxzoOcLLqZ2ONzRYHmiRqJYQYnAvV+zv2Wgk5tXjr4aA=="
    },
    "wavefile": {
      "version": "8.4.6",
      "resolved": "https://npm.spiegl.co/wavefile/-/wavefile-8.4.6.tgz",
      "integrity": "sha512-mKvPtkXTFE3U8Uo8qJr/hCJP3booCI09vsoWY3OHrdKB+8ZefO/5/wSRZSbPSgFDB+WWn3Am3c01h/sguTYuyA==",
      "requires": {
        "alawmulaw": "^5.0.2",
        "base64-arraybuffer-es6": "^0.3.1",
        "bitdepth": "^7.0.2",
        "byte-data": "^16.0.3",
        "imaadpcm": "^4.1.2"
      }
    }
  }
}
